
Microsoft Visual Studio Solution File, Format Version 12.00
# Visual Studio Version 17
VisualStudioVersion = 17.2.32516.85
MinimumVisualStudioVersion = 10.0.40219.1
Project("{FAE04EC0-301F-11D3-BF4B-00C04F79EFBC}") = "FlyWeight_DP", "FlyWeight_DP\FlyWeight_DP.csproj", "{C8E65E1C-AF68-474D-B181-05DF2EE33FC0}"
EndProject
Global
	GlobalSection(SolutionConfigurationPlatforms) = preSolution
		Debug|Any CPU = Debug|Any CPU
		Release|Any CPU = Release|Any CPU
	EndGlobalSection
	GlobalSection(ProjectConfigurationPlatforms) = postSolution
		{C8E65E1C-AF68-474D-B181-05DF2EE33FC0}.Debug|Any CPU.ActiveCfg = Debug|Any CPU
		{C8E65E1C-AF68-474D-B181-05DF2EE33FC0}.Debug|Any CPU.Build.0 = Debug|Any CPU
		{C8E65E1C-AF68-474D-B181-05DF2EE33FC0}.Release|Any CPU.ActiveCfg = Release|Any CPU
		{C8E65E1C-AF68-474D-B181-05DF2EE33FC0}.Release|Any CPU.Build.0 = Release|Any CPU
	EndGlobalSection
	GlobalSection(SolutionProperties) = preSolution
		HideSolutionNode = FALSE
	EndGlobalSection
	GlobalSection(ExtensibilityGlobals) = postSolution
		SolutionGuid = {6A706B4C-944E-44A0-AE5C-56950494D984}
	EndGlobalSection
EndGlobal
